{
  "version": 4,
  "terraform_version": "1.12.2",
  "serial": 597,
  "lineage": "03be77f3-52da-c9be-2d1f-b52557012df0",
  "outputs": {
    "aws_internet_gateway_id": {
      "value": "igw-078750e7bdc1fb90f",
      "type": "string"
    },
    "dynamodb_table_name": {
      "value": "terraform-locks",
      "type": "string"
    },
    "eks_cluster_endpoint": {
      "value": "https://5821CA8B28E4C2D6C8EE0D55C226F5B8.gr7.eu-central-1.eks.amazonaws.com",
      "type": "string"
    },
    "eks_cluster_name": {
      "value": "eks-cluster",
      "type": "string"
    },
    "eks_node_role_arn": {
      "value": "arn:aws:iam::518036921225:role/eks-cluster-eks-nodes",
      "type": "string"
    },
    "jenkins_namespace": {
      "value": "jenkins",
      "type": "string"
    },
    "private_subnets": {
      "value": [
        "subnet-0fdf55d1260176184",
        "subnet-0b833cf382fad8759",
        "subnet-03195fc694672b27d"
      ],
      "type": [
        "tuple",
        [
          "string",
          "string",
          "string"
        ]
      ]
    },
    "public_subnets": {
      "value": [
        "subnet-0b1d10fb5ea6ede0b",
        "subnet-0dfaf10244b9de6c0",
        "subnet-0039474f6c7a65b11"
      ],
      "type": [
        "tuple",
        [
          "string",
          "string",
          "string"
        ]
      ]
    },
    "s3_bucket_name": {
      "value": "terraform-state-bucket-homework-5-007",
      "type": "string"
    },
    "vpc_id": {
      "value": "vpc-02f711da09b1c7f47",
      "type": "string"
    }
  },
  "resources": [
    {
      "mode": "data",
      "type": "aws_eks_cluster",
      "name": "eks",
      "provider": "provider[\"registry.terraform.io/hashicorp/aws\"]",
      "instances": [
        {
          "schema_version": 0,
          "attributes": {
            "access_config": [
              {
                "authentication_mode": "API",
                "bootstrap_cluster_creator_admin_permissions": true
              }
            ],
            "arn": "arn:aws:eks:eu-central-1:518036921225:cluster/eks-cluster",
            "certificate_authority": [
              {
                "data": "LS0tLS1CRUdJTiBDRVJUSUZJQ0FURS0tLS0tCk1JSURCVENDQWUyZ0F3SUJBZ0lJQVp5Lzl2MkZrd3d3RFFZSktvWklodmNOQVFFTEJRQXdGVEVUTUJFR0ExVUUKQXhNS2EzVmlaWEp1WlhSbGN6QWVGdzB5TlRBM01qY3hOakV3TkRaYUZ3MHpOVEEzTWpVeE5qRTFORFphTUJVeApFekFSQmdOVkJBTVRDbXQxWW1WeWJtVjBaWE13Z2dFaU1BMEdDU3FHU0liM0RRRUJBUVVBQTRJQkR3QXdnZ0VLCkFvSUJBUUN0Q2c1cHdwdEk5NFUyUFdlai9qRFFKN0JWaUV6a1VZYmdWWXc4anJpVGFRczl0bHo4d2JLT2JhM04KcU5tSmNSV1RIcDR2SlNhamh0bC9idU4xWTNTNC9BNTM5N09GM1Jvd2NRQlZ3K2lKOEJORTl2RmZ6aW5kZXlVKwpic1lHUU54aXZpZVB4dHF3SSt0d3V2QmxDUytKaEg3N1prc3dZbmt1YytCSUdCb295ai9vTmN3dzFRRUxnYXVaCjRsb1ZFS2ZKZUJDcG4zaDNLRkVNMUZhQ1VydnlDb3VGcUZVOThpNDBWNkNjYVhQVDlha1NHcVlhOTdKZmxPZC8KR1JiSUJLbHJOMHVoZVNnNjlMYWtndlU1Ym1zR1hIejdqWEl0L1htdUZpK1JZUTgyS1A1WVNocFcwYkhUMDFuVgpvZzdtczAxejZxRFF5NGtzQzZiU3NETFNzcHNiQWdNQkFBR2pXVEJYTUE0R0ExVWREd0VCL3dRRUF3SUNwREFQCkJnTlZIUk1CQWY4RUJUQURBUUgvTUIwR0ExVWREZ1FXQkJSVlVYb1dQc0RWcHRBSkE3b0svbzNaS3lNdXRqQVYKQmdOVkhSRUVEakFNZ2dwcmRXSmxjbTVsZEdWek1BMEdDU3FHU0liM0RRRUJDd1VBQTRJQkFRQjh6MTRKUlljTAozWW13Uzlpckxod0EzUkloWDd2aU1PV3JSVy92UVNybVJVUzVBeXZ1WGNRaldmWTBWMnZabmJ1YjZmNklQWm9zCkp1VDNqM1dkaXkxYTdKRjgzR0RrT21sVk5PY1pnWndrcXBLN2VJdUVKWFNmN0UrS1VFQWtuRE1DWGF6Q1ZHelkKNExqQjVnanNvSGF1UW5zTFNsOTZNMlo1QXJBWU8vbVpRY1h0VkJIeFdRRk9uTmFISGNGR1N1Q0wrejNPY1dTOApIYWhxK1h0QzV2eGFuZG5waXhCd1NtMjFCT3k5cFpLRWxqZ09iWEJKcFFUODllQlV6NXBkajhKNjV3WmExR2VmCjhmWCtBdloxaWR3ZDdzVDFhbWcrNnZ2QXNTaytKdDJQNGM3Sk5iWWR0YWoxKzRDZjBwY3NQaW1kVDVnWjNSMkgKMUlmbDU1eXE1Vjl5Ci0tLS0tRU5EIENFUlRJRklDQVRFLS0tLS0K"
              }
            ],
            "cluster_id": null,
            "compute_config": [],
            "created_at": "2025-07-27T16:11:41Z",
            "enabled_cluster_log_types": [],
            "endpoint": "https://5821CA8B28E4C2D6C8EE0D55C226F5B8.gr7.eu-central-1.eks.amazonaws.com",
            "id": "eks-cluster",
            "identity": [
              {
                "oidc": [
                  {
                    "issuer": "https://oidc.eks.eu-central-1.amazonaws.com/id/5821CA8B28E4C2D6C8EE0D55C226F5B8"
                  }
                ]
              }
            ],
            "kubernetes_network_config": [
              {
                "elastic_load_balancing": [
                  {
                    "enabled": false
                  }
                ],
                "ip_family": "ipv4",
                "service_ipv4_cidr": "172.20.0.0/16",
                "service_ipv6_cidr": ""
              }
            ],
            "name": "eks-cluster",
            "outpost_config": [],
            "platform_version": "eks.6",
            "region": "eu-central-1",
            "remote_network_config": [],
            "role_arn": "arn:aws:iam::518036921225:role/eks-cluster-eks-cluster",
            "status": "ACTIVE",
            "storage_config": [],
            "tags": {},
            "upgrade_policy": [
              {
                "support_type": "EXTENDED"
              }
            ],
            "version": "1.33",
            "vpc_config": [
              {
                "cluster_security_group_id": "sg-00756892e02fd1915",
                "endpoint_private_access": true,
                "endpoint_public_access": true,
                "public_access_cidrs": [
                  "0.0.0.0/0"
                ],
                "security_group_ids": [],
                "subnet_ids": [
                  "subnet-0039474f6c7a65b11",
                  "subnet-0b1d10fb5ea6ede0b",
                  "subnet-0dfaf10244b9de6c0"
                ],
                "vpc_id": "vpc-02f711da09b1c7f47"
              }
            ],
            "zonal_shift_config": []
          },
          "sensitive_attributes": [],
          "identity_schema_version": 0
        }
      ]
    },
    {
      "mode": "data",
      "type": "aws_eks_cluster_auth",
      "name": "eks",
      "provider": "provider[\"registry.terraform.io/hashicorp/aws\"]",
      "instances": [
        {
          "schema_version": 0,
          "attributes": {
            "id": "eks-cluster",
            "name": "eks-cluster",
            "region": "eu-central-1",
            "token": "k8s-aws-v1.aHR0cHM6Ly9zdHMuZXUtY2VudHJhbC0xLmFtYXpvbmF3cy5jb20vP0FjdGlvbj1HZXRDYWxsZXJJZGVudGl0eSZWZXJzaW9uPTIwMTEtMDYtMTUmWC1BbXotQWxnb3JpdGhtPUFXUzQtSE1BQy1TSEEyNTYmWC1BbXotQ3JlZGVudGlhbD1BS0lBWFJITElET0VaS0dNT0REMiUyRjIwMjUwNzI3JTJGZXUtY2VudHJhbC0xJTJGc3RzJTJGYXdzNF9yZXF1ZXN0JlgtQW16LURhdGU9MjAyNTA3MjdUMTczNzA4WiZYLUFtei1FeHBpcmVzPTAmWC1BbXotU2lnbmVkSGVhZGVycz1ob3N0JTNCeC1rOHMtYXdzLWlkJlgtQW16LVNpZ25hdHVyZT01ZjU0ZjZhMjQyNjc3ZmNiMWY3NThkZDFmYzcwMjRhNTI0NDg4NTgzMzViMWM1YTRhOTNmZGQ1NGJjMGFiNzI2"
          },
          "sensitive_attributes": [
            [
              {
                "type": "get_attr",
                "value": "token"
              }
            ]
          ],
          "identity_schema_version": 0
        }
      ]
    },
    {
      "module": "module.argo_cd",
      "mode": "managed",
      "type": "helm_release",
      "name": "argo_cd",
      "provider": "provider[\"registry.terraform.io/hashicorp/helm\"]",
      "instances": [
        {
          "schema_version": 2,
          "attributes": {
            "atomic": false,
            "chart": "argo-cd",
            "cleanup_on_fail": false,
            "create_namespace": true,
            "dependency_update": false,
            "description": null,
            "devel": null,
            "disable_crd_hooks": false,
            "disable_openapi_validation": false,
            "disable_webhooks": false,
            "force_update": false,
            "id": "argo-cd",
            "keyring": null,
            "lint": false,
            "manifest": null,
            "max_history": 0,
            "metadata": {
              "app_version": "v2.8.4",
              "chart": "argo-cd",
              "first_deployed": 1753633486,
              "last_deployed": 1753633486,
              "name": "argo-cd",
              "namespace": "argocd",
              "notes": "\n\nIn order to access the server UI you have the following options:\n\n1. kubectl port-forward service/argo-cd-argocd-server -n argocd 8080:443\n\n    and then open the browser on http://localhost:8080 and accept the certificate\n\n2. enable ingress in the values file `server.ingress.enabled` and either\n      - Add the annotation for ssl passthrough: https://argo-cd.readthedocs.io/en/stable/operator-manual/ingress/#option-1-ssl-passthrough\n      - Set the `configs.params.\"server.insecure\"` in the values file and terminate SSL at your ingress: https://argo-cd.readthedocs.io/en/stable/operator-manual/ingress/#option-2-multiple-ingress-objects-and-hosts\n\n\nAfter reaching the UI the first time you can login with username: admin and the random password generated during the installation. You can find the password by running:\n\nkubectl -n argocd get secret argocd-initial-admin-secret -o jsonpath=\"{.data.password}\" | base64 -d\n\n(You should delete the initial secret afterwards as suggested by the Getting Started Guide: https://argo-cd.readthedocs.io/en/stable/getting_started/#4-login-using-the-cli)\n",
              "revision": 1,
              "values": "{\"server\":{\"service\":{\"port\":443,\"type\":\"LoadBalancer\"}}}",
              "version": "5.46.4"
            },
            "name": "argo-cd",
            "namespace": "argocd",
            "pass_credentials": false,
            "postrender": null,
            "recreate_pods": false,
            "render_subchart_notes": true,
            "replace": false,
            "repository": "https://argoproj.github.io/argo-helm",
            "repository_ca_file": null,
            "repository_cert_file": null,
            "repository_key_file": null,
            "repository_password": null,
            "repository_username": null,
            "reset_values": false,
            "reuse_values": false,
            "set": null,
            "set_list": null,
            "set_sensitive": null,
            "set_wo": null,
            "set_wo_revision": null,
            "skip_crds": false,
            "status": "deployed",
            "timeout": 300,
            "values": [
              "server:\r\n  service:\r\n    type: LoadBalancer\r\n    port: 443"
            ],
            "verify": false,
            "version": "5.46.4",
            "wait": true,
            "wait_for_jobs": false
          },
          "sensitive_attributes": [
            [
              {
                "type": "get_attr",
                "value": "repository_password"
              }
            ]
          ],
          "identity_schema_version": 0,
          "identity": {
            "namespace": "argocd",
            "release_name": "argo-cd"
          },
          "dependencies": [
            "data.aws_eks_cluster.eks",
            "data.aws_eks_cluster_auth.eks",
            "module.eks.aws_eks_addon.ebs_csi_driver",
            "module.eks.aws_eks_cluster.eks",
            "module.eks.aws_eks_node_group.general",
            "module.eks.aws_iam_openid_connect_provider.oidc",
            "module.eks.aws_iam_role.ebs_csi_irsa_role",
            "module.eks.aws_iam_role.eks",
            "module.eks.aws_iam_role.nodes",
            "module.eks.aws_iam_role_policy_attachment.amazon_ec2_container_registry_read_only",
            "module.eks.aws_iam_role_policy_attachment.amazon_eks_cni_policy",
            "module.eks.aws_iam_role_policy_attachment.amazon_eks_worker_node_policy",
            "module.eks.aws_iam_role_policy_attachment.ebs_irsa_policy",
            "module.eks.aws_iam_role_policy_attachment.eks",
            "module.eks.time_sleep.wait_for_iam_propagation",
            "module.vpc.aws_subnet.public",
            "module.vpc.aws_vpc.main"
          ]
        }
      ]
    },
    {
      "module": "module.ecr",
      "mode": "managed",
      "type": "aws_ecr_repository",
      "name": "erc_repo",
      "provider": "provider[\"registry.terraform.io/hashicorp/aws\"]",
      "instances": [
        {
          "schema_version": 0,
          "attributes": {
            "arn": "arn:aws:ecr:eu-central-1:518036921225:repository/lesson-7-ecr",
            "encryption_configuration": [
              {
                "encryption_type": "AES256",
                "kms_key": ""
              }
            ],
            "force_delete": null,
            "id": "lesson-7-ecr",
            "image_scanning_configuration": [
              {
                "scan_on_push": true
              }
            ],
            "image_tag_mutability": "MUTABLE",
            "name": "lesson-7-ecr",
            "region": "eu-central-1",
            "registry_id": "518036921225",
            "repository_url": "518036921225.dkr.ecr.eu-central-1.amazonaws.com/lesson-7-ecr",
            "tags": {},
            "tags_all": {},
            "timeouts": null
          },
          "sensitive_attributes": [],
          "identity_schema_version": 0,
          "private": "eyJlMmJmYjczMC1lY2FhLTExZTYtOGY4OC0zNDM2M2JjN2M0YzAiOnsiZGVsZXRlIjoxMjAwMDAwMDAwMDAwfX0="
        }
      ]
    },
    {
      "module": "module.ecr",
      "mode": "managed",
      "type": "aws_ecr_repository_policy",
      "name": "ecr_repo_policy",
      "provider": "provider[\"registry.terraform.io/hashicorp/aws\"]",
      "instances": [
        {
          "schema_version": 0,
          "attributes": {
            "id": "lesson-7-ecr",
            "policy": "{\"Statement\":[{\"Action\":[\"ecr:GetDownloadUrlForLayer\",\"ecr:BatchGetImage\",\"ecr:BatchCheckLayerAvailability\"],\"Effect\":\"Allow\",\"Principal\":\"*\",\"Sid\":\"AllowPull\"}],\"Version\":\"2008-10-17\"}",
            "region": "eu-central-1",
            "registry_id": "518036921225",
            "repository": "lesson-7-ecr"
          },
          "sensitive_attributes": [],
          "identity_schema_version": 0,
          "private": "bnVsbA==",
          "dependencies": [
            "module.ecr.aws_ecr_repository.erc_repo"
          ]
        }
      ]
    },
    {
      "module": "module.eks",
      "mode": "managed",
      "type": "aws_eks_addon",
      "name": "ebs_csi_driver",
      "provider": "provider[\"registry.terraform.io/hashicorp/aws\"]",
      "instances": [
        {
          "schema_version": 0,
          "attributes": {
            "addon_name": "aws-ebs-csi-driver",
            "addon_version": "v1.41.0-eksbuild.1",
            "arn": "arn:aws:eks:eu-central-1:518036921225:addon/eks-cluster/aws-ebs-csi-driver/0ecc2658-2077-a5ed-cd59-02502759a5de",
            "cluster_name": "eks-cluster",
            "configuration_values": "",
            "created_at": "2025-07-27T16:21:16Z",
            "id": "eks-cluster:aws-ebs-csi-driver",
            "modified_at": "2025-07-27T16:24:37Z",
            "pod_identity_association": [],
            "preserve": null,
            "region": "eu-central-1",
            "resolve_conflicts_on_create": null,
            "resolve_conflicts_on_update": "PRESERVE",
            "service_account_role_arn": "arn:aws:iam::518036921225:role/eks-cluster-ebs-csi-irsa-role",
            "tags": {},
            "tags_all": {},
            "timeouts": null
          },
          "sensitive_attributes": [],
          "identity_schema_version": 0,
          "private": "eyJlMmJmYjczMC1lY2FhLTExZTYtOGY4OC0zNDM2M2JjN2M0YzAiOnsiY3JlYXRlIjoxMjAwMDAwMDAwMDAwLCJkZWxldGUiOjI0MDAwMDAwMDAwMDAsInVwZGF0ZSI6MTIwMDAwMDAwMDAwMH19",
          "dependencies": [
            "module.eks.aws_eks_cluster.eks",
            "module.eks.aws_iam_openid_connect_provider.oidc",
            "module.eks.aws_iam_role.ebs_csi_irsa_role",
            "module.eks.aws_iam_role.eks",
            "module.eks.aws_iam_role_policy_attachment.ebs_irsa_policy",
            "module.eks.aws_iam_role_policy_attachment.eks",
            "module.eks.time_sleep.wait_for_iam_propagation",
            "module.vpc.aws_subnet.public",
            "module.vpc.aws_vpc.main"
          ]
        }
      ]
    },
    {
      "module": "module.eks",
      "mode": "managed",
      "type": "aws_eks_cluster",
      "name": "eks",
      "provider": "provider[\"registry.terraform.io/hashicorp/aws\"]",
      "instances": [
        {
          "schema_version": 1,
          "attributes": {
            "access_config": [
              {
                "authentication_mode": "API",
                "bootstrap_cluster_creator_admin_permissions": true
              }
            ],
            "arn": "arn:aws:eks:eu-central-1:518036921225:cluster/eks-cluster",
            "bootstrap_self_managed_addons": true,
            "certificate_authority": [
              {
                "data": "LS0tLS1CRUdJTiBDRVJUSUZJQ0FURS0tLS0tCk1JSURCVENDQWUyZ0F3SUJBZ0lJQVp5Lzl2MkZrd3d3RFFZSktvWklodmNOQVFFTEJRQXdGVEVUTUJFR0ExVUUKQXhNS2EzVmlaWEp1WlhSbGN6QWVGdzB5TlRBM01qY3hOakV3TkRaYUZ3MHpOVEEzTWpVeE5qRTFORFphTUJVeApFekFSQmdOVkJBTVRDbXQxWW1WeWJtVjBaWE13Z2dFaU1BMEdDU3FHU0liM0RRRUJBUVVBQTRJQkR3QXdnZ0VLCkFvSUJBUUN0Q2c1cHdwdEk5NFUyUFdlai9qRFFKN0JWaUV6a1VZYmdWWXc4anJpVGFRczl0bHo4d2JLT2JhM04KcU5tSmNSV1RIcDR2SlNhamh0bC9idU4xWTNTNC9BNTM5N09GM1Jvd2NRQlZ3K2lKOEJORTl2RmZ6aW5kZXlVKwpic1lHUU54aXZpZVB4dHF3SSt0d3V2QmxDUytKaEg3N1prc3dZbmt1YytCSUdCb295ai9vTmN3dzFRRUxnYXVaCjRsb1ZFS2ZKZUJDcG4zaDNLRkVNMUZhQ1VydnlDb3VGcUZVOThpNDBWNkNjYVhQVDlha1NHcVlhOTdKZmxPZC8KR1JiSUJLbHJOMHVoZVNnNjlMYWtndlU1Ym1zR1hIejdqWEl0L1htdUZpK1JZUTgyS1A1WVNocFcwYkhUMDFuVgpvZzdtczAxejZxRFF5NGtzQzZiU3NETFNzcHNiQWdNQkFBR2pXVEJYTUE0R0ExVWREd0VCL3dRRUF3SUNwREFQCkJnTlZIUk1CQWY4RUJUQURBUUgvTUIwR0ExVWREZ1FXQkJSVlVYb1dQc0RWcHRBSkE3b0svbzNaS3lNdXRqQVYKQmdOVkhSRUVEakFNZ2dwcmRXSmxjbTVsZEdWek1BMEdDU3FHU0liM0RRRUJDd1VBQTRJQkFRQjh6MTRKUlljTAozWW13Uzlpckxod0EzUkloWDd2aU1PV3JSVy92UVNybVJVUzVBeXZ1WGNRaldmWTBWMnZabmJ1YjZmNklQWm9zCkp1VDNqM1dkaXkxYTdKRjgzR0RrT21sVk5PY1pnWndrcXBLN2VJdUVKWFNmN0UrS1VFQWtuRE1DWGF6Q1ZHelkKNExqQjVnanNvSGF1UW5zTFNsOTZNMlo1QXJBWU8vbVpRY1h0VkJIeFdRRk9uTmFISGNGR1N1Q0wrejNPY1dTOApIYWhxK1h0QzV2eGFuZG5waXhCd1NtMjFCT3k5cFpLRWxqZ09iWEJKcFFUODllQlV6NXBkajhKNjV3WmExR2VmCjhmWCtBdloxaWR3ZDdzVDFhbWcrNnZ2QXNTaytKdDJQNGM3Sk5iWWR0YWoxKzRDZjBwY3NQaW1kVDVnWjNSMkgKMUlmbDU1eXE1Vjl5Ci0tLS0tRU5EIENFUlRJRklDQVRFLS0tLS0K"
              }
            ],
            "cluster_id": null,
            "compute_config": [],
            "created_at": "2025-07-27T16:11:41Z",
            "enabled_cluster_log_types": [],
            "encryption_config": [],
            "endpoint": "https://5821CA8B28E4C2D6C8EE0D55C226F5B8.gr7.eu-central-1.eks.amazonaws.com",
            "force_update_version": null,
            "id": "eks-cluster",
            "identity": [
              {
                "oidc": [
                  {
                    "issuer": "https://oidc.eks.eu-central-1.amazonaws.com/id/5821CA8B28E4C2D6C8EE0D55C226F5B8"
                  }
                ]
              }
            ],
            "kubernetes_network_config": [
              {
                "elastic_load_balancing": [
                  {
                    "enabled": false
                  }
                ],
                "ip_family": "ipv4",
                "service_ipv4_cidr": "172.20.0.0/16",
                "service_ipv6_cidr": ""
              }
            ],
            "name": "eks-cluster",
            "outpost_config": [],
            "platform_version": "eks.6",
            "region": "eu-central-1",
            "remote_network_config": [],
            "role_arn": "arn:aws:iam::518036921225:role/eks-cluster-eks-cluster",
            "status": "ACTIVE",
            "storage_config": [],
            "tags": {},
            "tags_all": {},
            "timeouts": null,
            "upgrade_policy": [
              {
                "support_type": "EXTENDED"
              }
            ],
            "version": "1.33",
            "vpc_config": [
              {
                "cluster_security_group_id": "sg-00756892e02fd1915",
                "endpoint_private_access": true,
                "endpoint_public_access": true,
                "public_access_cidrs": [
                  "0.0.0.0/0"
                ],
                "security_group_ids": [],
                "subnet_ids": [
                  "subnet-0039474f6c7a65b11",
                  "subnet-0b1d10fb5ea6ede0b",
                  "subnet-0dfaf10244b9de6c0"
                ],
                "vpc_id": "vpc-02f711da09b1c7f47"
              }
            ],
            "zonal_shift_config": []
          },
          "sensitive_attributes": [],
          "identity_schema_version": 0,
          "private": "eyJlMmJmYjczMC1lY2FhLTExZTYtOGY4OC0zNDM2M2JjN2M0YzAiOnsiY3JlYXRlIjoxODAwMDAwMDAwMDAwLCJkZWxldGUiOjkwMDAwMDAwMDAwMCwidXBkYXRlIjozNjAwMDAwMDAwMDAwfSwic2NoZW1hX3ZlcnNpb24iOiIxIn0=",
          "dependencies": [
            "module.eks.aws_iam_role.eks",
            "module.eks.aws_iam_role_policy_attachment.eks",
            "module.vpc.aws_subnet.public",
            "module.vpc.aws_vpc.main"
          ]
        }
      ]
    },
    {
      "module": "module.eks",
      "mode": "managed",
      "type": "aws_eks_node_group",
      "name": "general",
      "provider": "provider[\"registry.terraform.io/hashicorp/aws\"]",
      "instances": [
        {
          "schema_version": 0,
          "attributes": {
            "ami_type": "AL2023_x86_64_STANDARD",
            "arn": "arn:aws:eks:eu-central-1:518036921225:nodegroup/eks-cluster/general/3ecc2657-f5da-0a9e-4ff9-6e1529885e81",
            "capacity_type": "ON_DEMAND",
            "cluster_name": "eks-cluster",
            "disk_size": 20,
            "force_update_version": null,
            "id": "eks-cluster:general",
            "instance_types": [
              "t3.medium"
            ],
            "labels": {
              "role": "general"
            },
            "launch_template": [],
            "node_group_name": "general",
            "node_group_name_prefix": "",
            "node_repair_config": [],
            "node_role_arn": "arn:aws:iam::518036921225:role/eks-cluster-eks-nodes",
            "region": "eu-central-1",
            "release_version": "1.33.0-20250715",
            "remote_access": [],
            "resources": [
              {
                "autoscaling_groups": [
                  {
                    "name": "eks-general-3ecc2657-f5da-0a9e-4ff9-6e1529885e81"
                  }
                ],
                "remote_access_security_group_id": ""
              }
            ],
            "scaling_config": [
              {
                "desired_size": 2,
                "max_size": 2,
                "min_size": 1
              }
            ],
            "status": "ACTIVE",
            "subnet_ids": [
              "subnet-0039474f6c7a65b11",
              "subnet-0b1d10fb5ea6ede0b",
              "subnet-0dfaf10244b9de6c0"
            ],
            "tags": {},
            "tags_all": {},
            "taint": [],
            "timeouts": null,
            "update_config": [
              {
                "max_unavailable": 1,
                "max_unavailable_percentage": 0
              }
            ],
            "version": "1.33"
          },
          "sensitive_attributes": [],
          "identity_schema_version": 0,
          "private": "eyJlMmJmYjczMC1lY2FhLTExZTYtOGY4OC0zNDM2M2JjN2M0YzAiOnsiY3JlYXRlIjozNjAwMDAwMDAwMDAwLCJkZWxldGUiOjM2MDAwMDAwMDAwMDAsInVwZGF0ZSI6MzYwMDAwMDAwMDAwMH19",
          "dependencies": [
            "module.eks.aws_eks_cluster.eks",
            "module.eks.aws_iam_role.eks",
            "module.eks.aws_iam_role.nodes",
            "module.eks.aws_iam_role_policy_attachment.amazon_ec2_container_registry_read_only",
            "module.eks.aws_iam_role_policy_attachment.amazon_eks_cni_policy",
            "module.eks.aws_iam_role_policy_attachment.amazon_eks_worker_node_policy",
            "module.eks.aws_iam_role_policy_attachment.eks",
            "module.vpc.aws_subnet.public",
            "module.vpc.aws_vpc.main"
          ]
        }
      ]
    },
    {
      "module": "module.eks",
      "mode": "managed",
      "type": "aws_iam_openid_connect_provider",
      "name": "oidc",
      "provider": "provider[\"registry.terraform.io/hashicorp/aws\"]",
      "instances": [
        {
          "schema_version": 0,
          "attributes": {
            "arn": "arn:aws:iam::518036921225:oidc-provider/oidc.eks.eu-central-1.amazonaws.com/id/5821CA8B28E4C2D6C8EE0D55C226F5B8",
            "client_id_list": [
              "sts.amazonaws.com"
            ],
            "id": "arn:aws:iam::518036921225:oidc-provider/oidc.eks.eu-central-1.amazonaws.com/id/5821CA8B28E4C2D6C8EE0D55C226F5B8",
            "tags": {},
            "tags_all": {},
            "thumbprint_list": [
              "9e99a48a9960b14926bb7f3b02e22da0ecd6c6f9"
            ],
            "url": "oidc.eks.eu-central-1.amazonaws.com/id/5821CA8B28E4C2D6C8EE0D55C226F5B8"
          },
          "sensitive_attributes": [],
          "identity_schema_version": 0,
          "identity": {
            "arn": "arn:aws:iam::518036921225:oidc-provider/oidc.eks.eu-central-1.amazonaws.com/id/5821CA8B28E4C2D6C8EE0D55C226F5B8"
          },
          "private": "bnVsbA==",
          "dependencies": [
            "module.eks.aws_eks_cluster.eks",
            "module.eks.aws_iam_role.eks",
            "module.eks.aws_iam_role_policy_attachment.eks",
            "module.vpc.aws_subnet.public",
            "module.vpc.aws_vpc.main"
          ]
        }
      ]
    },
    {
      "module": "module.eks",
      "mode": "managed",
      "type": "aws_iam_role",
      "name": "ebs_csi_irsa_role",
      "provider": "provider[\"registry.terraform.io/hashicorp/aws\"]",
      "instances": [
        {
          "schema_version": 0,
          "attributes": {
            "arn": "arn:aws:iam::518036921225:role/eks-cluster-ebs-csi-irsa-role",
            "assume_role_policy": "{\"Statement\":[{\"Action\":\"sts:AssumeRoleWithWebIdentity\",\"Condition\":{\"StringEquals\":{\"oidc.eks.eu-central-1.amazonaws.com/id/5821CA8B28E4C2D6C8EE0D55C226F5B8:sub\":\"system:serviceaccount:kube-system:ebs-csi-controller-sa\"}},\"Effect\":\"Allow\",\"Principal\":{\"Federated\":\"arn:aws:iam::518036921225:oidc-provider/oidc.eks.eu-central-1.amazonaws.com/id/5821CA8B28E4C2D6C8EE0D55C226F5B8\"}}],\"Version\":\"2012-10-17\"}",
            "create_date": "2025-07-27T16:20:55Z",
            "description": "",
            "force_detach_policies": false,
            "id": "eks-cluster-ebs-csi-irsa-role",
            "inline_policy": [],
            "managed_policy_arns": [
              "arn:aws:iam::aws:policy/service-role/AmazonEBSCSIDriverPolicy"
            ],
            "max_session_duration": 3600,
            "name": "eks-cluster-ebs-csi-irsa-role",
            "name_prefix": "",
            "path": "/",
            "permissions_boundary": "",
            "tags": {},
            "tags_all": {},
            "unique_id": "AROAXRHLIDOET3YBBXVQW"
          },
          "sensitive_attributes": [],
          "identity_schema_version": 0,
          "identity": {
            "account_id": "518036921225",
            "name": "eks-cluster-ebs-csi-irsa-role"
          },
          "private": "bnVsbA==",
          "dependencies": [
            "module.eks.aws_eks_cluster.eks",
            "module.eks.aws_iam_openid_connect_provider.oidc",
            "module.eks.aws_iam_role.eks",
            "module.eks.aws_iam_role_policy_attachment.eks",
            "module.vpc.aws_subnet.public",
            "module.vpc.aws_vpc.main"
          ]
        }
      ]
    },
    {
      "module": "module.eks",
      "mode": "managed",
      "type": "aws_iam_role",
      "name": "eks",
      "provider": "provider[\"registry.terraform.io/hashicorp/aws\"]",
      "instances": [
        {
          "schema_version": 0,
          "attributes": {
            "arn": "arn:aws:iam::518036921225:role/eks-cluster-eks-cluster",
            "assume_role_policy": "{\"Statement\":[{\"Action\":\"sts:AssumeRole\",\"Effect\":\"Allow\",\"Principal\":{\"Service\":\"eks.amazonaws.com\"}}],\"Version\":\"2012-10-17\"}",
            "create_date": "2025-07-27T16:11:12Z",
            "description": "",
            "force_detach_policies": false,
            "id": "eks-cluster-eks-cluster",
            "inline_policy": [],
            "managed_policy_arns": [
              "arn:aws:iam::aws:policy/AmazonEKSClusterPolicy"
            ],
            "max_session_duration": 3600,
            "name": "eks-cluster-eks-cluster",
            "name_prefix": "",
            "path": "/",
            "permissions_boundary": "",
            "tags": {},
            "tags_all": {},
            "unique_id": "AROAXRHLIDOE7LOQMZGA7"
          },
          "sensitive_attributes": [],
          "identity_schema_version": 0,
          "identity": {
            "account_id": "518036921225",
            "name": "eks-cluster-eks-cluster"
          },
          "private": "bnVsbA=="
        }
      ]
    },
    {
      "module": "module.eks",
      "mode": "managed",
      "type": "aws_iam_role",
      "name": "nodes",
      "provider": "provider[\"registry.terraform.io/hashicorp/aws\"]",
      "instances": [
        {
          "schema_version": 0,
          "attributes": {
            "arn": "arn:aws:iam::518036921225:role/eks-cluster-eks-nodes",
            "assume_role_policy": "{\"Statement\":[{\"Action\":\"sts:AssumeRole\",\"Effect\":\"Allow\",\"Principal\":{\"Service\":\"ec2.amazonaws.com\"}}],\"Version\":\"2012-10-17\"}",
            "create_date": "2025-07-27T16:11:12Z",
            "description": "",
            "force_detach_policies": false,
            "id": "eks-cluster-eks-nodes",
            "inline_policy": [],
            "managed_policy_arns": [
              "arn:aws:iam::aws:policy/AmazonEC2ContainerRegistryReadOnly",
              "arn:aws:iam::aws:policy/AmazonEKSWorkerNodePolicy",
              "arn:aws:iam::aws:policy/AmazonEKS_CNI_Policy"
            ],
            "max_session_duration": 3600,
            "name": "eks-cluster-eks-nodes",
            "name_prefix": "",
            "path": "/",
            "permissions_boundary": "",
            "tags": {},
            "tags_all": {},
            "unique_id": "AROAXRHLIDOES6PGMWZE5"
          },
          "sensitive_attributes": [],
          "identity_schema_version": 0,
          "identity": {
            "account_id": "518036921225",
            "name": "eks-cluster-eks-nodes"
          },
          "private": "bnVsbA=="
        }
      ]
    },
    {
      "module": "module.eks",
      "mode": "managed",
      "type": "aws_iam_role_policy_attachment",
      "name": "amazon_ec2_container_registry_read_only",
      "provider": "provider[\"registry.terraform.io/hashicorp/aws\"]",
      "instances": [
        {
          "schema_version": 0,
          "attributes": {
            "id": "eks-cluster-eks-nodes/arn:aws:iam::aws:policy/AmazonEC2ContainerRegistryReadOnly",
            "policy_arn": "arn:aws:iam::aws:policy/AmazonEC2ContainerRegistryReadOnly",
            "role": "eks-cluster-eks-nodes"
          },
          "sensitive_attributes": [],
          "identity_schema_version": 0,
          "identity": {
            "account_id": "518036921225",
            "policy_arn": "arn:aws:iam::aws:policy/AmazonEC2ContainerRegistryReadOnly",
            "role": "eks-cluster-eks-nodes"
          },
          "private": "bnVsbA==",
          "dependencies": [
            "module.eks.aws_iam_role.nodes"
          ]
        }
      ]
    },
    {
      "module": "module.eks",
      "mode": "managed",
      "type": "aws_iam_role_policy_attachment",
      "name": "amazon_eks_cni_policy",
      "provider": "provider[\"registry.terraform.io/hashicorp/aws\"]",
      "instances": [
        {
          "schema_version": 0,
          "attributes": {
            "id": "eks-cluster-eks-nodes/arn:aws:iam::aws:policy/AmazonEKS_CNI_Policy",
            "policy_arn": "arn:aws:iam::aws:policy/AmazonEKS_CNI_Policy",
            "role": "eks-cluster-eks-nodes"
          },
          "sensitive_attributes": [],
          "identity_schema_version": 0,
          "identity": {
            "account_id": "518036921225",
            "policy_arn": "arn:aws:iam::aws:policy/AmazonEKS_CNI_Policy",
            "role": "eks-cluster-eks-nodes"
          },
          "private": "bnVsbA==",
          "dependencies": [
            "module.eks.aws_iam_role.nodes"
          ]
        }
      ]
    },
    {
      "module": "module.eks",
      "mode": "managed",
      "type": "aws_iam_role_policy_attachment",
      "name": "amazon_eks_worker_node_policy",
      "provider": "provider[\"registry.terraform.io/hashicorp/aws\"]",
      "instances": [
        {
          "schema_version": 0,
          "attributes": {
            "id": "eks-cluster-eks-nodes/arn:aws:iam::aws:policy/AmazonEKSWorkerNodePolicy",
            "policy_arn": "arn:aws:iam::aws:policy/AmazonEKSWorkerNodePolicy",
            "role": "eks-cluster-eks-nodes"
          },
          "sensitive_attributes": [],
          "identity_schema_version": 0,
          "identity": {
            "account_id": "518036921225",
            "policy_arn": "arn:aws:iam::aws:policy/AmazonEKSWorkerNodePolicy",
            "role": "eks-cluster-eks-nodes"
          },
          "private": "bnVsbA==",
          "dependencies": [
            "module.eks.aws_iam_role.nodes"
          ]
        }
      ]
    },
    {
      "module": "module.eks",
      "mode": "managed",
      "type": "aws_iam_role_policy_attachment",
      "name": "ebs_irsa_policy",
      "provider": "provider[\"registry.terraform.io/hashicorp/aws\"]",
      "instances": [
        {
          "schema_version": 0,
          "attributes": {
            "id": "eks-cluster-ebs-csi-irsa-role/arn:aws:iam::aws:policy/service-role/AmazonEBSCSIDriverPolicy",
            "policy_arn": "arn:aws:iam::aws:policy/service-role/AmazonEBSCSIDriverPolicy",
            "role": "eks-cluster-ebs-csi-irsa-role"
          },
          "sensitive_attributes": [],
          "identity_schema_version": 0,
          "identity": {
            "account_id": "518036921225",
            "policy_arn": "arn:aws:iam::aws:policy/service-role/AmazonEBSCSIDriverPolicy",
            "role": "eks-cluster-ebs-csi-irsa-role"
          },
          "private": "bnVsbA==",
          "dependencies": [
            "module.eks.aws_eks_cluster.eks",
            "module.eks.aws_iam_openid_connect_provider.oidc",
            "module.eks.aws_iam_role.ebs_csi_irsa_role",
            "module.eks.aws_iam_role.eks",
            "module.eks.aws_iam_role_policy_attachment.eks",
            "module.vpc.aws_subnet.public",
            "module.vpc.aws_vpc.main"
          ]
        }
      ]
    },
    {
      "module": "module.eks",
      "mode": "managed",
      "type": "aws_iam_role_policy_attachment",
      "name": "eks",
      "provider": "provider[\"registry.terraform.io/hashicorp/aws\"]",
      "instances": [
        {
          "schema_version": 0,
          "attributes": {
            "id": "eks-cluster-eks-cluster/arn:aws:iam::aws:policy/AmazonEKSClusterPolicy",
            "policy_arn": "arn:aws:iam::aws:policy/AmazonEKSClusterPolicy",
            "role": "eks-cluster-eks-cluster"
          },
          "sensitive_attributes": [],
          "identity_schema_version": 0,
          "identity": {
            "account_id": "518036921225",
            "policy_arn": "arn:aws:iam::aws:policy/AmazonEKSClusterPolicy",
            "role": "eks-cluster-eks-cluster"
          },
          "private": "bnVsbA==",
          "dependencies": [
            "module.eks.aws_iam_role.eks"
          ]
        }
      ]
    },
    {
      "module": "module.eks",
      "mode": "managed",
      "type": "time_sleep",
      "name": "wait_for_iam_propagation",
      "provider": "provider[\"registry.terraform.io/hashicorp/time\"]",
      "instances": [
        {
          "schema_version": 0,
          "attributes": {
            "create_duration": "20s",
            "destroy_duration": null,
            "id": "2025-07-27T16:21:16Z",
            "triggers": null
          },
          "sensitive_attributes": [],
          "identity_schema_version": 0,
          "dependencies": [
            "module.eks.aws_eks_cluster.eks",
            "module.eks.aws_iam_openid_connect_provider.oidc",
            "module.eks.aws_iam_role.ebs_csi_irsa_role",
            "module.eks.aws_iam_role.eks",
            "module.eks.aws_iam_role_policy_attachment.ebs_irsa_policy",
            "module.eks.aws_iam_role_policy_attachment.eks",
            "module.vpc.aws_subnet.public",
            "module.vpc.aws_vpc.main"
          ]
        }
      ]
    },
    {
      "module": "module.jenkins",
      "mode": "managed",
      "type": "aws_iam_role",
      "name": "jenkins_kaniko_role",
      "provider": "provider[\"registry.terraform.io/hashicorp/aws\"]",
      "instances": [
        {
          "schema_version": 0,
          "attributes": {
            "arn": "arn:aws:iam::518036921225:role/eks-cluster-jenkins-kaniko-role",
            "assume_role_policy": "{\"Statement\":[{\"Action\":\"sts:AssumeRoleWithWebIdentity\",\"Condition\":{\"StringEquals\":{\"oidc.eks.eu-central-1.amazonaws.com/id/5821CA8B28E4C2D6C8EE0D55C226F5B8:sub\":\"system:serviceaccount:jenkins:jenkins-sa\"}},\"Effect\":\"Allow\",\"Principal\":{\"Federated\":\"arn:aws:iam::518036921225:oidc-provider/oidc.eks.eu-central-1.amazonaws.com/id/5821CA8B28E4C2D6C8EE0D55C226F5B8\"}}],\"Version\":\"2012-10-17\"}",
            "create_date": "2025-07-27T16:24:43Z",
            "description": "",
            "force_detach_policies": false,
            "id": "eks-cluster-jenkins-kaniko-role",
            "inline_policy": [
              {
                "name": "eks-cluster-jenkins-kaniko-ecr-policy",
                "policy": "{\"Version\":\"2012-10-17\",\"Statement\":[{\"Action\":[\"ecr:GetAuthorizationToken\",\"ecr:BatchCheckLayerAvailability\",\"ecr:PutImage\",\"ecr:InitiateLayerUpload\",\"ecr:UploadLayerPart\",\"ecr:CompleteLayerUpload\",\"ecr:DescribeRepositories\"],\"Effect\":\"Allow\",\"Resource\":\"*\"}]}"
              }
            ],
            "managed_policy_arns": [],
            "max_session_duration": 3600,
            "name": "eks-cluster-jenkins-kaniko-role",
            "name_prefix": "",
            "path": "/",
            "permissions_boundary": "",
            "tags": {},
            "tags_all": {},
            "unique_id": "AROAXRHLIDOERRCAECG5Y"
          },
          "sensitive_attributes": [],
          "identity_schema_version": 0,
          "identity": {
            "account_id": "518036921225",
            "name": "eks-cluster-jenkins-kaniko-role"
          },
          "private": "bnVsbA==",
          "dependencies": [
            "module.eks.aws_eks_addon.ebs_csi_driver",
            "module.eks.aws_eks_cluster.eks",
            "module.eks.aws_eks_node_group.general",
            "module.eks.aws_iam_openid_connect_provider.oidc",
            "module.eks.aws_iam_role.ebs_csi_irsa_role",
            "module.eks.aws_iam_role.eks",
            "module.eks.aws_iam_role.nodes",
            "module.eks.aws_iam_role_policy_attachment.amazon_ec2_container_registry_read_only",
            "module.eks.aws_iam_role_policy_attachment.amazon_eks_cni_policy",
            "module.eks.aws_iam_role_policy_attachment.amazon_eks_worker_node_policy",
            "module.eks.aws_iam_role_policy_attachment.ebs_irsa_policy",
            "module.eks.aws_iam_role_policy_attachment.eks",
            "module.eks.time_sleep.wait_for_iam_propagation",
            "module.vpc.aws_subnet.public",
            "module.vpc.aws_vpc.main"
          ]
        }
      ]
    },
    {
      "module": "module.jenkins",
      "mode": "managed",
      "type": "aws_iam_role_policy",
      "name": "jenkins_ecr_policy",
      "provider": "provider[\"registry.terraform.io/hashicorp/aws\"]",
      "instances": [
        {
          "schema_version": 0,
          "attributes": {
            "id": "eks-cluster-jenkins-kaniko-role:eks-cluster-jenkins-kaniko-ecr-policy",
            "name": "eks-cluster-jenkins-kaniko-ecr-policy",
            "name_prefix": "",
            "policy": "{\"Version\":\"2012-10-17\",\"Statement\":[{\"Action\":[\"ecr:GetAuthorizationToken\",\"ecr:BatchCheckLayerAvailability\",\"ecr:PutImage\",\"ecr:InitiateLayerUpload\",\"ecr:UploadLayerPart\",\"ecr:CompleteLayerUpload\",\"ecr:DescribeRepositories\"],\"Effect\":\"Allow\",\"Resource\":\"*\"}]}",
            "role": "eks-cluster-jenkins-kaniko-role"
          },
          "sensitive_attributes": [],
          "identity_schema_version": 0,
          "identity": {
            "account_id": "518036921225",
            "name": "eks-cluster-jenkins-kaniko-ecr-policy",
            "role": "eks-cluster-jenkins-kaniko-role"
          },
          "private": "bnVsbA==",
          "dependencies": [
            "module.eks.aws_eks_addon.ebs_csi_driver",
            "module.eks.aws_eks_cluster.eks",
            "module.eks.aws_eks_node_group.general",
            "module.eks.aws_iam_openid_connect_provider.oidc",
            "module.eks.aws_iam_role.ebs_csi_irsa_role",
            "module.eks.aws_iam_role.eks",
            "module.eks.aws_iam_role.nodes",
            "module.eks.aws_iam_role_policy_attachment.amazon_ec2_container_registry_read_only",
            "module.eks.aws_iam_role_policy_attachment.amazon_eks_cni_policy",
            "module.eks.aws_iam_role_policy_attachment.amazon_eks_worker_node_policy",
            "module.eks.aws_iam_role_policy_attachment.ebs_irsa_policy",
            "module.eks.aws_iam_role_policy_attachment.eks",
            "module.eks.time_sleep.wait_for_iam_propagation",
            "module.jenkins.aws_iam_role.jenkins_kaniko_role",
            "module.vpc.aws_subnet.public",
            "module.vpc.aws_vpc.main"
          ]
        }
      ]
    },
    {
      "module": "module.jenkins",
      "mode": "managed",
      "type": "helm_release",
      "name": "jenkins",
      "provider": "provider[\"registry.terraform.io/hashicorp/helm\"]",
      "instances": [
        {
          "schema_version": 2,
          "attributes": {
            "atomic": false,
            "chart": "jenkins",
            "cleanup_on_fail": false,
            "create_namespace": false,
            "dependency_update": false,
            "description": null,
            "devel": null,
            "disable_crd_hooks": false,
            "disable_openapi_validation": false,
            "disable_webhooks": false,
            "force_update": false,
            "id": "jenkins",
            "keyring": null,
            "lint": false,
            "manifest": null,
            "max_history": 0,
            "metadata": {
              "app_version": "2.492.2",
              "chart": "jenkins",
              "first_deployed": 1753633487,
              "last_deployed": 1753637836,
              "name": "jenkins",
              "namespace": "jenkins",
              "notes": "1. Get your 'admin' user password by running:\n  kubectl exec --namespace jenkins -it svc/jenkins -c jenkins -- /bin/cat /run/secrets/additional/chart-admin-password \u0026\u0026 echo\n2. Get the Jenkins URL to visit by running these commands in the same shell:\n  NOTE: It may take a few minutes for the LoadBalancer IP to be available.\n        You can watch the status of by running 'kubectl get svc --namespace jenkins -w jenkins'\n  export SERVICE_IP=$(kubectl get svc --namespace jenkins jenkins --template \"{{ range (index .status.loadBalancer.ingress 0) }}{{ . }}{{ end }}\")\n  echo http://$SERVICE_IP:80\n\n3. Login with the password from step 1 and the username: admin\n4. Configure security realm and authorization strategy\n5. Use Jenkins Configuration as Code by specifying configScripts in your values.yaml file, see documentation: http://$SERVICE_IP:80/configuration-as-code and examples: https://github.com/jenkinsci/configuration-as-code-plugin/tree/master/demos\n\nFor more information on running Jenkins on Kubernetes, visit:\nhttps://cloud.google.com/solutions/jenkins-on-container-engine\n\nFor more information about Jenkins Configuration as Code, visit:\nhttps://jenkins.io/projects/jcasc/\n\n\nNOTE: Consider using a custom image with pre-installed plugins\n",
              "revision": 3,
              "values": "{\"controller\":{\"JCasC\":{\"configScripts\":{\"seed-job\":\"jobs:\\n  - script: \\u003e\\n      job('seed-job') {\\n        description('Job to generate pipeline for Django project')\\n        scm {\\n          git {\\n            remote {\\n              url('https://github.com/filimon4uck/my-microservice-project.git')\\n            }\\n            branches('*/lesson-4')\\n          }\\n        }\\n        steps {\\n          dsl {\\n            text('''\\n              pipelineJob(\\\"django-docker\\\") {\\n                definition {\\n                  cpsScm {\\n                    scm {\\n                      git {\\n                        remote {\\n                          url(\\\"https://github.com/filimon4uck/my-microservice-project.git\\\")\\n                        }\\n                        branches(\\\"*/lesson-4\\\")\\n                      }\\n                    }\\n                  }\\n                }\\n              }\\n            ''')\\n          }\\n        }\\n      }\"}},\"admin\":{\"password\":\"admin123\",\"username\":\"admin\"},\"installPlugins\":[\"kubernetes:latest\",\"workflow-aggregator:latest\",\"git:latest\",\"configuration-as-code:latest\",\"credentials-binding:latest\",\"github:latest\",\"docker-plugin:latest\",\"docker-workflow:latest\",\"job-dsl:latest\"],\"persistentVolume\":{\"enabled\":true,\"size\":\"10Gi\",\"storageClass\":\"ebs-sc\"},\"resources\":{\"limits\":{\"cpu\":\"500m\",\"memory\":\"1Gi\"},\"requests\":{\"cpu\":\"250m\",\"memory\":\"512Mi\"}},\"service\":{\"port\":80,\"targetPort\":8080},\"serviceAccount\":{\"create\":false,\"name\":\"jenkins-sa\"},\"servicePort\":80,\"serviceType\":\"LoadBalancer\"}}",
              "version": "5.8.27"
            },
            "name": "jenkins",
            "namespace": "jenkins",
            "pass_credentials": false,
            "postrender": null,
            "recreate_pods": false,
            "render_subchart_notes": true,
            "replace": false,
            "repository": "https://charts.jenkins.io",
            "repository_ca_file": null,
            "repository_cert_file": null,
            "repository_key_file": null,
            "repository_password": null,
            "repository_username": null,
            "reset_values": false,
            "reuse_values": false,
            "set": null,
            "set_list": null,
            "set_sensitive": null,
            "set_wo": null,
            "set_wo_revision": null,
            "skip_crds": false,
            "status": "deployed",
            "timeout": 300,
            "values": [
              "controller:\r\n  admin:\r\n    username: admin\r\n    password: admin123\r\n\r\n  serviceType: LoadBalancer\r\n  servicePort: 80\r\n  service:\r\n    port: 80\r\n    targetPort: 8080\r\n\r\n  resources:\r\n    limits:\r\n      cpu: \"500m\"\r\n      memory: \"1Gi\"\r\n    requests:\r\n      cpu: \"250m\"\r\n      memory: \"512Mi\"\r\n\r\n  persistentVolume:\r\n    enabled: true\r\n    storageClass: \"ebs-sc\"\r\n    size: 10Gi\r\n\r\n  installPlugins:\r\n    - kubernetes:latest\r\n    - workflow-aggregator:latest\r\n    - git:latest\r\n    - configuration-as-code:latest\r\n    - credentials-binding:latest\r\n    - github:latest\r\n    - docker-plugin:latest\r\n    - docker-workflow:latest\r\n    - job-dsl:latest\r\n\r\n  serviceAccount:\r\n    name: jenkins-sa\r\n    create: false\r\n\r\n  JCasC:\r\n    configScripts:\r\n      seed-job: |\r\n        jobs:\r\n          - script: \u003e\r\n              job('seed-job') {\r\n                description('Job to generate pipeline for Django project')\r\n                scm {\r\n                  git {\r\n                    remote {\r\n                      url('https://github.com/filimon4uck/my-microservice-project.git')\r\n                    }\r\n                    branches('*/lesson-4')\r\n                  }\r\n                }\r\n                steps {\r\n                  dsl {\r\n                    text('''\r\n                      pipelineJob(\"django-docker\") {\r\n                        definition {\r\n                          cpsScm {\r\n                            scm {\r\n                              git {\r\n                                remote {\r\n                                  url(\"https://github.com/filimon4uck/my-microservice-project.git\")\r\n                                }\r\n                                branches(\"*/lesson-4\")\r\n                              }\r\n                            }\r\n                          }\r\n                        }\r\n                      }\r\n                    ''')\r\n                  }\r\n                }\r\n              }"
            ],
            "verify": false,
            "version": "5.8.27",
            "wait": true,
            "wait_for_jobs": false
          },
          "sensitive_attributes": [
            [
              {
                "type": "get_attr",
                "value": "repository_password"
              }
            ]
          ],
          "identity_schema_version": 0,
          "identity": {
            "namespace": "jenkins",
            "release_name": "jenkins"
          },
          "dependencies": [
            "data.aws_eks_cluster.eks",
            "data.aws_eks_cluster_auth.eks",
            "module.eks.aws_eks_addon.ebs_csi_driver",
            "module.eks.aws_eks_cluster.eks",
            "module.eks.aws_eks_node_group.general",
            "module.eks.aws_iam_openid_connect_provider.oidc",
            "module.eks.aws_iam_role.ebs_csi_irsa_role",
            "module.eks.aws_iam_role.eks",
            "module.eks.aws_iam_role.nodes",
            "module.eks.aws_iam_role_policy_attachment.amazon_ec2_container_registry_read_only",
            "module.eks.aws_iam_role_policy_attachment.amazon_eks_cni_policy",
            "module.eks.aws_iam_role_policy_attachment.amazon_eks_worker_node_policy",
            "module.eks.aws_iam_role_policy_attachment.ebs_irsa_policy",
            "module.eks.aws_iam_role_policy_attachment.eks",
            "module.eks.time_sleep.wait_for_iam_propagation",
            "module.vpc.aws_subnet.public",
            "module.vpc.aws_vpc.main"
          ]
        }
      ]
    },
    {
      "module": "module.jenkins",
      "mode": "managed",
      "type": "kubernetes_namespace",
      "name": "jenkins",
      "provider": "provider[\"registry.terraform.io/hashicorp/kubernetes\"]",
      "instances": [
        {
          "schema_version": 0,
          "attributes": {
            "id": "jenkins",
            "metadata": [
              {
                "annotations": {},
                "generate_name": "",
                "generation": 0,
                "labels": {},
                "name": "jenkins",
                "resource_version": "2021",
                "uid": "944f68d5-1180-4904-96ab-dd12dc736eaf"
              }
            ],
            "timeouts": null,
            "wait_for_default_service_account": false
          },
          "sensitive_attributes": [],
          "identity_schema_version": 1,
          "identity": {
            "api_version": "v1",
            "kind": "Namespace",
            "name": "jenkins"
          },
          "private": "eyJlMmJmYjczMC1lY2FhLTExZTYtOGY4OC0zNDM2M2JjN2M0YzAiOnsiZGVsZXRlIjozMDAwMDAwMDAwMDB9fQ==",
          "dependencies": [
            "data.aws_eks_cluster.eks",
            "data.aws_eks_cluster_auth.eks",
            "module.eks.aws_eks_addon.ebs_csi_driver",
            "module.eks.aws_eks_cluster.eks",
            "module.eks.aws_eks_node_group.general",
            "module.eks.aws_iam_openid_connect_provider.oidc",
            "module.eks.aws_iam_role.ebs_csi_irsa_role",
            "module.eks.aws_iam_role.eks",
            "module.eks.aws_iam_role.nodes",
            "module.eks.aws_iam_role_policy_attachment.amazon_ec2_container_registry_read_only",
            "module.eks.aws_iam_role_policy_attachment.amazon_eks_cni_policy",
            "module.eks.aws_iam_role_policy_attachment.amazon_eks_worker_node_policy",
            "module.eks.aws_iam_role_policy_attachment.ebs_irsa_policy",
            "module.eks.aws_iam_role_policy_attachment.eks",
            "module.eks.time_sleep.wait_for_iam_propagation",
            "module.vpc.aws_subnet.public",
            "module.vpc.aws_vpc.main"
          ]
        }
      ]
    },
    {
      "module": "module.jenkins",
      "mode": "managed",
      "type": "kubernetes_service_account",
      "name": "jenkins_sa",
      "provider": "provider[\"registry.terraform.io/hashicorp/kubernetes\"]",
      "instances": [
        {
          "schema_version": 0,
          "attributes": {
            "automount_service_account_token": true,
            "default_secret_name": "",
            "id": "jenkins/jenkins-sa",
            "image_pull_secret": [],
            "metadata": [
              {
                "annotations": {
                  "eks.amazonaws.com/role-arn": "arn:aws:iam::518036921225:role/eks-cluster-jenkins-kaniko-role"
                },
                "generate_name": "",
                "generation": 0,
                "labels": {},
                "name": "jenkins-sa",
                "namespace": "jenkins",
                "resource_version": "2025",
                "uid": "ae401164-605e-48fe-ac96-4df2a6c82b4b"
              }
            ],
            "secret": [],
            "timeouts": null
          },
          "sensitive_attributes": [],
          "identity_schema_version": 1,
          "identity": {
            "api_version": "v1",
            "kind": "ServiceAccount",
            "name": "jenkins-sa",
            "namespace": "jenkins"
          },
          "private": "eyJlMmJmYjczMC1lY2FhLTExZTYtOGY4OC0zNDM2M2JjN2M0YzAiOnsiY3JlYXRlIjozMDAwMDAwMDAwMH19",
          "dependencies": [
            "data.aws_eks_cluster.eks",
            "data.aws_eks_cluster_auth.eks",
            "module.eks.aws_eks_addon.ebs_csi_driver",
            "module.eks.aws_eks_cluster.eks",
            "module.eks.aws_eks_node_group.general",
            "module.eks.aws_iam_openid_connect_provider.oidc",
            "module.eks.aws_iam_role.ebs_csi_irsa_role",
            "module.eks.aws_iam_role.eks",
            "module.eks.aws_iam_role.nodes",
            "module.eks.aws_iam_role_policy_attachment.amazon_ec2_container_registry_read_only",
            "module.eks.aws_iam_role_policy_attachment.amazon_eks_cni_policy",
            "module.eks.aws_iam_role_policy_attachment.amazon_eks_worker_node_policy",
            "module.eks.aws_iam_role_policy_attachment.ebs_irsa_policy",
            "module.eks.aws_iam_role_policy_attachment.eks",
            "module.eks.time_sleep.wait_for_iam_propagation",
            "module.jenkins.aws_iam_role.jenkins_kaniko_role",
            "module.jenkins.kubernetes_namespace.jenkins",
            "module.vpc.aws_subnet.public",
            "module.vpc.aws_vpc.main"
          ]
        }
      ]
    },
    {
      "module": "module.jenkins",
      "mode": "managed",
      "type": "kubernetes_storage_class_v1",
      "name": "ebs_sc",
      "provider": "provider[\"registry.terraform.io/hashicorp/kubernetes\"]",
      "instances": [
        {
          "schema_version": 0,
          "attributes": {
            "allow_volume_expansion": true,
            "allowed_topologies": [],
            "id": "ebs-sc",
            "metadata": [
              {
                "annotations": {
                  "storageclass.kubernetes.io/is-default-class": "true"
                },
                "generate_name": "",
                "generation": 0,
                "labels": {},
                "name": "ebs-sc",
                "resource_version": "2022",
                "uid": "f42fcb62-adf9-48c9-ad1b-8784d8461bdf"
              }
            ],
            "mount_options": [],
            "parameters": {
              "type": "gp3"
            },
            "reclaim_policy": "Delete",
            "storage_provisioner": "ebs.csi.aws.com",
            "volume_binding_mode": "WaitForFirstConsumer"
          },
          "sensitive_attributes": [],
          "identity_schema_version": 0,
          "private": "bnVsbA==",
          "dependencies": [
            "data.aws_eks_cluster.eks",
            "data.aws_eks_cluster_auth.eks",
            "module.eks.aws_eks_addon.ebs_csi_driver",
            "module.eks.aws_eks_cluster.eks",
            "module.eks.aws_eks_node_group.general",
            "module.eks.aws_iam_openid_connect_provider.oidc",
            "module.eks.aws_iam_role.ebs_csi_irsa_role",
            "module.eks.aws_iam_role.eks",
            "module.eks.aws_iam_role.nodes",
            "module.eks.aws_iam_role_policy_attachment.amazon_ec2_container_registry_read_only",
            "module.eks.aws_iam_role_policy_attachment.amazon_eks_cni_policy",
            "module.eks.aws_iam_role_policy_attachment.amazon_eks_worker_node_policy",
            "module.eks.aws_iam_role_policy_attachment.ebs_irsa_policy",
            "module.eks.aws_iam_role_policy_attachment.eks",
            "module.eks.time_sleep.wait_for_iam_propagation",
            "module.vpc.aws_subnet.public",
            "module.vpc.aws_vpc.main"
          ]
        }
      ]
    },
    {
      "module": "module.s3_backend",
      "mode": "managed",
      "type": "aws_dynamodb_table",
      "name": "terraform_locks",
      "provider": "provider[\"registry.terraform.io/hashicorp/aws\"]",
      "instances": [
        {
          "schema_version": 1,
          "attributes": {
            "arn": "arn:aws:dynamodb:eu-central-1:518036921225:table/terraform-locks",
            "attribute": [
              {
                "name": "LockID",
                "type": "S"
              }
            ],
            "billing_mode": "PAY_PER_REQUEST",
            "deletion_protection_enabled": false,
            "global_secondary_index": [],
            "hash_key": "LockID",
            "id": "terraform-locks",
            "import_table": [],
            "local_secondary_index": [],
            "name": "terraform-locks",
            "on_demand_throughput": [],
            "point_in_time_recovery": [
              {
                "enabled": false,
                "recovery_period_in_days": 0
              }
            ],
            "range_key": null,
            "read_capacity": 0,
            "region": "eu-central-1",
            "replica": [],
            "restore_date_time": null,
            "restore_source_name": null,
            "restore_source_table_arn": null,
            "restore_to_latest_time": null,
            "server_side_encryption": [],
            "stream_arn": "",
            "stream_enabled": false,
            "stream_label": "",
            "stream_view_type": "",
            "table_class": "STANDARD",
            "tags": {
              "Environment": "lesson-5",
              "NAME": "Terraform Lock Table"
            },
            "tags_all": {
              "Environment": "lesson-5",
              "NAME": "Terraform Lock Table"
            },
            "timeouts": null,
            "ttl": [
              {
                "attribute_name": "",
                "enabled": false
              }
            ],
            "write_capacity": 0
          },
          "sensitive_attributes": [],
          "identity_schema_version": 0,
          "private": "eyJlMmJmYjczMC1lY2FhLTExZTYtOGY4OC0zNDM2M2JjN2M0YzAiOnsiY3JlYXRlIjoxODAwMDAwMDAwMDAwLCJkZWxldGUiOjYwMDAwMDAwMDAwMCwidXBkYXRlIjozNjAwMDAwMDAwMDAwfSwic2NoZW1hX3ZlcnNpb24iOiIxIn0="
        }
      ]
    },
    {
      "module": "module.s3_backend",
      "mode": "managed",
      "type": "aws_s3_bucket",
      "name": "terraform_state",
      "provider": "provider[\"registry.terraform.io/hashicorp/aws\"]",
      "instances": [
        {
          "schema_version": 0,
          "attributes": {
            "acceleration_status": "",
            "acl": null,
            "arn": "arn:aws:s3:::terraform-state-bucket-homework-5-007",
            "bucket": "terraform-state-bucket-homework-5-007",
            "bucket_domain_name": "terraform-state-bucket-homework-5-007.s3.amazonaws.com",
            "bucket_prefix": "",
            "bucket_region": "eu-central-1",
            "bucket_regional_domain_name": "terraform-state-bucket-homework-5-007.s3.eu-central-1.amazonaws.com",
            "cors_rule": [],
            "force_destroy": false,
            "grant": [
              {
                "id": "11ad4afe0a22cdda9a81adf391c4256561f955c72b6412c8c078410268df5402",
                "permissions": [
                  "FULL_CONTROL"
                ],
                "type": "CanonicalUser",
                "uri": ""
              }
            ],
            "hosted_zone_id": "Z21DNDUVLTQW6Q",
            "id": "terraform-state-bucket-homework-5-007",
            "lifecycle_rule": [],
            "logging": [],
            "object_lock_configuration": [],
            "object_lock_enabled": false,
            "policy": "",
            "region": "eu-central-1",
            "replication_configuration": [],
            "request_payer": "BucketOwner",
            "server_side_encryption_configuration": [
              {
                "rule": [
                  {
                    "apply_server_side_encryption_by_default": [
                      {
                        "kms_master_key_id": "",
                        "sse_algorithm": "AES256"
                      }
                    ],
                    "bucket_key_enabled": false
                  }
                ]
              }
            ],
            "tags": {
              "Environment": "lesson-5",
              "Name": "Terraform State Bucket"
            },
            "tags_all": {
              "Environment": "lesson-5",
              "Name": "Terraform State Bucket"
            },
            "timeouts": null,
            "versioning": [
              {
                "enabled": true,
                "mfa_delete": false
              }
            ],
            "website": [],
            "website_domain": null,
            "website_endpoint": null
          },
          "sensitive_attributes": [],
          "identity_schema_version": 0,
          "identity": {
            "account_id": "518036921225",
            "bucket": "terraform-state-bucket-homework-5-007",
            "region": "eu-central-1"
          },
          "private": "eyJlMmJmYjczMC1lY2FhLTExZTYtOGY4OC0zNDM2M2JjN2M0YzAiOnsiY3JlYXRlIjoxMjAwMDAwMDAwMDAwLCJkZWxldGUiOjM2MDAwMDAwMDAwMDAsInJlYWQiOjEyMDAwMDAwMDAwMDAsInVwZGF0ZSI6MTIwMDAwMDAwMDAwMH19"
        }
      ]
    },
    {
      "module": "module.s3_backend",
      "mode": "managed",
      "type": "aws_s3_bucket_ownership_controls",
      "name": "terraform_state_ownership",
      "provider": "provider[\"registry.terraform.io/hashicorp/aws\"]",
      "instances": [
        {
          "schema_version": 0,
          "attributes": {
            "bucket": "terraform-state-bucket-homework-5-007",
            "id": "terraform-state-bucket-homework-5-007",
            "region": "eu-central-1",
            "rule": [
              {
                "object_ownership": "BucketOwnerEnforced"
              }
            ]
          },
          "sensitive_attributes": [],
          "identity_schema_version": 0,
          "private": "bnVsbA==",
          "dependencies": [
            "module.s3_backend.aws_s3_bucket.terraform_state"
          ]
        }
      ]
    },
    {
      "module": "module.s3_backend",
      "mode": "managed",
      "type": "aws_s3_bucket_versioning",
      "name": "terraform_state_versioning",
      "provider": "provider[\"registry.terraform.io/hashicorp/aws\"]",
      "instances": [
        {
          "schema_version": 0,
          "attributes": {
            "bucket": "terraform-state-bucket-homework-5-007",
            "expected_bucket_owner": "",
            "id": "terraform-state-bucket-homework-5-007",
            "mfa": null,
            "region": "eu-central-1",
            "versioning_configuration": [
              {
                "mfa_delete": "",
                "status": "Enabled"
              }
            ]
          },
          "sensitive_attributes": [],
          "identity_schema_version": 0,
          "private": "bnVsbA==",
          "dependencies": [
            "module.s3_backend.aws_s3_bucket.terraform_state"
          ]
        }
      ]
    },
    {
      "module": "module.vpc",
      "mode": "managed",
      "type": "aws_internet_gateway",
      "name": "igw",
      "provider": "provider[\"registry.terraform.io/hashicorp/aws\"]",
      "instances": [
        {
          "schema_version": 0,
          "attributes": {
            "arn": "arn:aws:ec2:eu-central-1:518036921225:internet-gateway/igw-078750e7bdc1fb90f",
            "id": "igw-078750e7bdc1fb90f",
            "owner_id": "518036921225",
            "region": "eu-central-1",
            "tags": {
              "Name": "lesson-7-vpc-igw"
            },
            "tags_all": {
              "Name": "lesson-7-vpc-igw"
            },
            "timeouts": null,
            "vpc_id": "vpc-02f711da09b1c7f47"
          },
          "sensitive_attributes": [],
          "identity_schema_version": 0,
          "private": "eyJlMmJmYjczMC1lY2FhLTExZTYtOGY4OC0zNDM2M2JjN2M0YzAiOnsiY3JlYXRlIjoxMjAwMDAwMDAwMDAwLCJkZWxldGUiOjEyMDAwMDAwMDAwMDAsInVwZGF0ZSI6MTIwMDAwMDAwMDAwMH19",
          "dependencies": [
            "module.vpc.aws_vpc.main"
          ]
        }
      ]
    },
    {
      "module": "module.vpc",
      "mode": "managed",
      "type": "aws_route",
      "name": "public_internet",
      "provider": "provider[\"registry.terraform.io/hashicorp/aws\"]",
      "instances": [
        {
          "schema_version": 0,
          "attributes": {
            "carrier_gateway_id": "",
            "core_network_arn": "",
            "destination_cidr_block": "0.0.0.0/0",
            "destination_ipv6_cidr_block": "",
            "destination_prefix_list_id": "",
            "egress_only_gateway_id": "",
            "gateway_id": "igw-078750e7bdc1fb90f",
            "id": "r-rtb-0a75a4214b81c908a1080289494",
            "instance_id": "",
            "instance_owner_id": "",
            "local_gateway_id": "",
            "nat_gateway_id": "",
            "network_interface_id": "",
            "origin": "CreateRoute",
            "region": "eu-central-1",
            "route_table_id": "rtb-0a75a4214b81c908a",
            "state": "active",
            "timeouts": null,
            "transit_gateway_id": "",
            "vpc_endpoint_id": "",
            "vpc_peering_connection_id": ""
          },
          "sensitive_attributes": [],
          "identity_schema_version": 0,
          "private": "eyJlMmJmYjczMC1lY2FhLTExZTYtOGY4OC0zNDM2M2JjN2M0YzAiOnsiY3JlYXRlIjozMDAwMDAwMDAwMDAsImRlbGV0ZSI6MzAwMDAwMDAwMDAwLCJ1cGRhdGUiOjEyMDAwMDAwMDAwMH19",
          "dependencies": [
            "module.vpc.aws_internet_gateway.igw",
            "module.vpc.aws_route_table.public",
            "module.vpc.aws_vpc.main"
          ]
        }
      ]
    },
    {
      "module": "module.vpc",
      "mode": "managed",
      "type": "aws_route_table",
      "name": "private",
      "provider": "provider[\"registry.terraform.io/hashicorp/aws\"]",
      "instances": [
        {
          "schema_version": 0,
          "attributes": {
            "arn": "arn:aws:ec2:eu-central-1:518036921225:route-table/rtb-0d8c82d8e0d8554c7",
            "id": "rtb-0d8c82d8e0d8554c7",
            "owner_id": "518036921225",
            "propagating_vgws": [],
            "region": "eu-central-1",
            "route": [],
            "tags": {
              "Name": "lesson-7-vpc-private-rt"
            },
            "tags_all": {
              "Name": "lesson-7-vpc-private-rt"
            },
            "timeouts": null,
            "vpc_id": "vpc-02f711da09b1c7f47"
          },
          "sensitive_attributes": [],
          "identity_schema_version": 0,
          "private": "eyJlMmJmYjczMC1lY2FhLTExZTYtOGY4OC0zNDM2M2JjN2M0YzAiOnsiY3JlYXRlIjozMDAwMDAwMDAwMDAsImRlbGV0ZSI6MzAwMDAwMDAwMDAwLCJ1cGRhdGUiOjEyMDAwMDAwMDAwMH19",
          "dependencies": [
            "module.vpc.aws_vpc.main"
          ]
        }
      ]
    },
    {
      "module": "module.vpc",
      "mode": "managed",
      "type": "aws_route_table",
      "name": "public",
      "provider": "provider[\"registry.terraform.io/hashicorp/aws\"]",
      "instances": [
        {
          "schema_version": 0,
          "attributes": {
            "arn": "arn:aws:ec2:eu-central-1:518036921225:route-table/rtb-0a75a4214b81c908a",
            "id": "rtb-0a75a4214b81c908a",
            "owner_id": "518036921225",
            "propagating_vgws": [],
            "region": "eu-central-1",
            "route": [
              {
                "carrier_gateway_id": "",
                "cidr_block": "0.0.0.0/0",
                "core_network_arn": "",
                "destination_prefix_list_id": "",
                "egress_only_gateway_id": "",
                "gateway_id": "igw-078750e7bdc1fb90f",
                "ipv6_cidr_block": "",
                "local_gateway_id": "",
                "nat_gateway_id": "",
                "network_interface_id": "",
                "transit_gateway_id": "",
                "vpc_endpoint_id": "",
                "vpc_peering_connection_id": ""
              }
            ],
            "tags": {
              "Name": "lesson-7-vpc-public-rt"
            },
            "tags_all": {
              "Name": "lesson-7-vpc-public-rt"
            },
            "timeouts": null,
            "vpc_id": "vpc-02f711da09b1c7f47"
          },
          "sensitive_attributes": [],
          "identity_schema_version": 0,
          "private": "eyJlMmJmYjczMC1lY2FhLTExZTYtOGY4OC0zNDM2M2JjN2M0YzAiOnsiY3JlYXRlIjozMDAwMDAwMDAwMDAsImRlbGV0ZSI6MzAwMDAwMDAwMDAwLCJ1cGRhdGUiOjEyMDAwMDAwMDAwMH19",
          "dependencies": [
            "module.vpc.aws_vpc.main"
          ]
        }
      ]
    },
    {
      "module": "module.vpc",
      "mode": "managed",
      "type": "aws_route_table_association",
      "name": "private",
      "provider": "provider[\"registry.terraform.io/hashicorp/aws\"]",
      "instances": [
        {
          "index_key": 0,
          "schema_version": 0,
          "attributes": {
            "gateway_id": "",
            "id": "rtbassoc-05da82162a566a0af",
            "region": "eu-central-1",
            "route_table_id": "rtb-0d8c82d8e0d8554c7",
            "subnet_id": "subnet-0fdf55d1260176184",
            "timeouts": null
          },
          "sensitive_attributes": [],
          "identity_schema_version": 0,
          "private": "eyJlMmJmYjczMC1lY2FhLTExZTYtOGY4OC0zNDM2M2JjN2M0YzAiOnsiY3JlYXRlIjozMDAwMDAwMDAwMDAsImRlbGV0ZSI6MzAwMDAwMDAwMDAwLCJ1cGRhdGUiOjEyMDAwMDAwMDAwMH19",
          "dependencies": [
            "module.vpc.aws_route_table.private",
            "module.vpc.aws_subnet.private",
            "module.vpc.aws_vpc.main"
          ]
        },
        {
          "index_key": 1,
          "schema_version": 0,
          "attributes": {
            "gateway_id": "",
            "id": "rtbassoc-02f7180a6101a7624",
            "region": "eu-central-1",
            "route_table_id": "rtb-0d8c82d8e0d8554c7",
            "subnet_id": "subnet-0b833cf382fad8759",
            "timeouts": null
          },
          "sensitive_attributes": [],
          "identity_schema_version": 0,
          "private": "eyJlMmJmYjczMC1lY2FhLTExZTYtOGY4OC0zNDM2M2JjN2M0YzAiOnsiY3JlYXRlIjozMDAwMDAwMDAwMDAsImRlbGV0ZSI6MzAwMDAwMDAwMDAwLCJ1cGRhdGUiOjEyMDAwMDAwMDAwMH19",
          "dependencies": [
            "module.vpc.aws_route_table.private",
            "module.vpc.aws_subnet.private",
            "module.vpc.aws_vpc.main"
          ]
        },
        {
          "index_key": 2,
          "schema_version": 0,
          "attributes": {
            "gateway_id": "",
            "id": "rtbassoc-02b0954c307225dc1",
            "region": "eu-central-1",
            "route_table_id": "rtb-0d8c82d8e0d8554c7",
            "subnet_id": "subnet-03195fc694672b27d",
            "timeouts": null
          },
          "sensitive_attributes": [],
          "identity_schema_version": 0,
          "private": "eyJlMmJmYjczMC1lY2FhLTExZTYtOGY4OC0zNDM2M2JjN2M0YzAiOnsiY3JlYXRlIjozMDAwMDAwMDAwMDAsImRlbGV0ZSI6MzAwMDAwMDAwMDAwLCJ1cGRhdGUiOjEyMDAwMDAwMDAwMH19",
          "dependencies": [
            "module.vpc.aws_route_table.private",
            "module.vpc.aws_subnet.private",
            "module.vpc.aws_vpc.main"
          ]
        }
      ]
    },
    {
      "module": "module.vpc",
      "mode": "managed",
      "type": "aws_route_table_association",
      "name": "public",
      "provider": "provider[\"registry.terraform.io/hashicorp/aws\"]",
      "instances": [
        {
          "index_key": 0,
          "schema_version": 0,
          "attributes": {
            "gateway_id": "",
            "id": "rtbassoc-02ac06ebac695fbb6",
            "region": "eu-central-1",
            "route_table_id": "rtb-0a75a4214b81c908a",
            "subnet_id": "subnet-0b1d10fb5ea6ede0b",
            "timeouts": null
          },
          "sensitive_attributes": [],
          "identity_schema_version": 0,
          "private": "eyJlMmJmYjczMC1lY2FhLTExZTYtOGY4OC0zNDM2M2JjN2M0YzAiOnsiY3JlYXRlIjozMDAwMDAwMDAwMDAsImRlbGV0ZSI6MzAwMDAwMDAwMDAwLCJ1cGRhdGUiOjEyMDAwMDAwMDAwMH19",
          "dependencies": [
            "module.vpc.aws_route_table.public",
            "module.vpc.aws_subnet.public",
            "module.vpc.aws_vpc.main"
          ]
        },
        {
          "index_key": 1,
          "schema_version": 0,
          "attributes": {
            "gateway_id": "",
            "id": "rtbassoc-0282aeb6ce891146c",
            "region": "eu-central-1",
            "route_table_id": "rtb-0a75a4214b81c908a",
            "subnet_id": "subnet-0dfaf10244b9de6c0",
            "timeouts": null
          },
          "sensitive_attributes": [],
          "identity_schema_version": 0,
          "private": "eyJlMmJmYjczMC1lY2FhLTExZTYtOGY4OC0zNDM2M2JjN2M0YzAiOnsiY3JlYXRlIjozMDAwMDAwMDAwMDAsImRlbGV0ZSI6MzAwMDAwMDAwMDAwLCJ1cGRhdGUiOjEyMDAwMDAwMDAwMH19",
          "dependencies": [
            "module.vpc.aws_route_table.public",
            "module.vpc.aws_subnet.public",
            "module.vpc.aws_vpc.main"
          ]
        },
        {
          "index_key": 2,
          "schema_version": 0,
          "attributes": {
            "gateway_id": "",
            "id": "rtbassoc-07cd4888a922d2bed",
            "region": "eu-central-1",
            "route_table_id": "rtb-0a75a4214b81c908a",
            "subnet_id": "subnet-0039474f6c7a65b11",
            "timeouts": null
          },
          "sensitive_attributes": [],
          "identity_schema_version": 0,
          "private": "eyJlMmJmYjczMC1lY2FhLTExZTYtOGY4OC0zNDM2M2JjN2M0YzAiOnsiY3JlYXRlIjozMDAwMDAwMDAwMDAsImRlbGV0ZSI6MzAwMDAwMDAwMDAwLCJ1cGRhdGUiOjEyMDAwMDAwMDAwMH19",
          "dependencies": [
            "module.vpc.aws_route_table.public",
            "module.vpc.aws_subnet.public",
            "module.vpc.aws_vpc.main"
          ]
        }
      ]
    },
    {
      "module": "module.vpc",
      "mode": "managed",
      "type": "aws_subnet",
      "name": "private",
      "provider": "provider[\"registry.terraform.io/hashicorp/aws\"]",
      "instances": [
        {
          "index_key": 0,
          "schema_version": 1,
          "attributes": {
            "arn": "arn:aws:ec2:eu-central-1:518036921225:subnet/subnet-0fdf55d1260176184",
            "assign_ipv6_address_on_creation": false,
            "availability_zone": "eu-central-1a",
            "availability_zone_id": "euc1-az2",
            "cidr_block": "10.0.4.0/24",
            "customer_owned_ipv4_pool": "",
            "enable_dns64": false,
            "enable_lni_at_device_index": 0,
            "enable_resource_name_dns_a_record_on_launch": false,
            "enable_resource_name_dns_aaaa_record_on_launch": false,
            "id": "subnet-0fdf55d1260176184",
            "ipv6_cidr_block": "",
            "ipv6_cidr_block_association_id": "",
            "ipv6_native": false,
            "map_customer_owned_ip_on_launch": false,
            "map_public_ip_on_launch": false,
            "outpost_arn": "",
            "owner_id": "518036921225",
            "private_dns_hostname_type_on_launch": "ip-name",
            "region": "eu-central-1",
            "tags": {
              "Name": "lesson-7-vpc-private-subnet-1"
            },
            "tags_all": {
              "Name": "lesson-7-vpc-private-subnet-1"
            },
            "timeouts": null,
            "vpc_id": "vpc-02f711da09b1c7f47"
          },
          "sensitive_attributes": [],
          "identity_schema_version": 0,
          "private": "eyJlMmJmYjczMC1lY2FhLTExZTYtOGY4OC0zNDM2M2JjN2M0YzAiOnsiY3JlYXRlIjo2MDAwMDAwMDAwMDAsImRlbGV0ZSI6MTIwMDAwMDAwMDAwMH0sInNjaGVtYV92ZXJzaW9uIjoiMSJ9",
          "dependencies": [
            "module.vpc.aws_vpc.main"
          ]
        },
        {
          "index_key": 1,
          "schema_version": 1,
          "attributes": {
            "arn": "arn:aws:ec2:eu-central-1:518036921225:subnet/subnet-0b833cf382fad8759",
            "assign_ipv6_address_on_creation": false,
            "availability_zone": "eu-central-1b",
            "availability_zone_id": "euc1-az3",
            "cidr_block": "10.0.5.0/24",
            "customer_owned_ipv4_pool": "",
            "enable_dns64": false,
            "enable_lni_at_device_index": 0,
            "enable_resource_name_dns_a_record_on_launch": false,
            "enable_resource_name_dns_aaaa_record_on_launch": false,
            "id": "subnet-0b833cf382fad8759",
            "ipv6_cidr_block": "",
            "ipv6_cidr_block_association_id": "",
            "ipv6_native": false,
            "map_customer_owned_ip_on_launch": false,
            "map_public_ip_on_launch": false,
            "outpost_arn": "",
            "owner_id": "518036921225",
            "private_dns_hostname_type_on_launch": "ip-name",
            "region": "eu-central-1",
            "tags": {
              "Name": "lesson-7-vpc-private-subnet-2"
            },
            "tags_all": {
              "Name": "lesson-7-vpc-private-subnet-2"
            },
            "timeouts": null,
            "vpc_id": "vpc-02f711da09b1c7f47"
          },
          "sensitive_attributes": [],
          "identity_schema_version": 0,
          "private": "eyJlMmJmYjczMC1lY2FhLTExZTYtOGY4OC0zNDM2M2JjN2M0YzAiOnsiY3JlYXRlIjo2MDAwMDAwMDAwMDAsImRlbGV0ZSI6MTIwMDAwMDAwMDAwMH0sInNjaGVtYV92ZXJzaW9uIjoiMSJ9",
          "dependencies": [
            "module.vpc.aws_vpc.main"
          ]
        },
        {
          "index_key": 2,
          "schema_version": 1,
          "attributes": {
            "arn": "arn:aws:ec2:eu-central-1:518036921225:subnet/subnet-03195fc694672b27d",
            "assign_ipv6_address_on_creation": false,
            "availability_zone": "eu-central-1c",
            "availability_zone_id": "euc1-az1",
            "cidr_block": "10.0.6.0/24",
            "customer_owned_ipv4_pool": "",
            "enable_dns64": false,
            "enable_lni_at_device_index": 0,
            "enable_resource_name_dns_a_record_on_launch": false,
            "enable_resource_name_dns_aaaa_record_on_launch": false,
            "id": "subnet-03195fc694672b27d",
            "ipv6_cidr_block": "",
            "ipv6_cidr_block_association_id": "",
            "ipv6_native": false,
            "map_customer_owned_ip_on_launch": false,
            "map_public_ip_on_launch": false,
            "outpost_arn": "",
            "owner_id": "518036921225",
            "private_dns_hostname_type_on_launch": "ip-name",
            "region": "eu-central-1",
            "tags": {
              "Name": "lesson-7-vpc-private-subnet-3"
            },
            "tags_all": {
              "Name": "lesson-7-vpc-private-subnet-3"
            },
            "timeouts": null,
            "vpc_id": "vpc-02f711da09b1c7f47"
          },
          "sensitive_attributes": [],
          "identity_schema_version": 0,
          "private": "eyJlMmJmYjczMC1lY2FhLTExZTYtOGY4OC0zNDM2M2JjN2M0YzAiOnsiY3JlYXRlIjo2MDAwMDAwMDAwMDAsImRlbGV0ZSI6MTIwMDAwMDAwMDAwMH0sInNjaGVtYV92ZXJzaW9uIjoiMSJ9",
          "dependencies": [
            "module.vpc.aws_vpc.main"
          ]
        }
      ]
    },
    {
      "module": "module.vpc",
      "mode": "managed",
      "type": "aws_subnet",
      "name": "public",
      "provider": "provider[\"registry.terraform.io/hashicorp/aws\"]",
      "instances": [
        {
          "index_key": 0,
          "schema_version": 1,
          "attributes": {
            "arn": "arn:aws:ec2:eu-central-1:518036921225:subnet/subnet-0b1d10fb5ea6ede0b",
            "assign_ipv6_address_on_creation": false,
            "availability_zone": "eu-central-1a",
            "availability_zone_id": "euc1-az2",
            "cidr_block": "10.0.1.0/24",
            "customer_owned_ipv4_pool": "",
            "enable_dns64": false,
            "enable_lni_at_device_index": 0,
            "enable_resource_name_dns_a_record_on_launch": false,
            "enable_resource_name_dns_aaaa_record_on_launch": false,
            "id": "subnet-0b1d10fb5ea6ede0b",
            "ipv6_cidr_block": "",
            "ipv6_cidr_block_association_id": "",
            "ipv6_native": false,
            "map_customer_owned_ip_on_launch": false,
            "map_public_ip_on_launch": true,
            "outpost_arn": "",
            "owner_id": "518036921225",
            "private_dns_hostname_type_on_launch": "ip-name",
            "region": "eu-central-1",
            "tags": {
              "Name": "lesson-7-vpc-public-subnet-1"
            },
            "tags_all": {
              "Name": "lesson-7-vpc-public-subnet-1"
            },
            "timeouts": null,
            "vpc_id": "vpc-02f711da09b1c7f47"
          },
          "sensitive_attributes": [],
          "identity_schema_version": 0,
          "private": "eyJlMmJmYjczMC1lY2FhLTExZTYtOGY4OC0zNDM2M2JjN2M0YzAiOnsiY3JlYXRlIjo2MDAwMDAwMDAwMDAsImRlbGV0ZSI6MTIwMDAwMDAwMDAwMH0sInNjaGVtYV92ZXJzaW9uIjoiMSJ9",
          "dependencies": [
            "module.vpc.aws_vpc.main"
          ]
        },
        {
          "index_key": 1,
          "schema_version": 1,
          "attributes": {
            "arn": "arn:aws:ec2:eu-central-1:518036921225:subnet/subnet-0dfaf10244b9de6c0",
            "assign_ipv6_address_on_creation": false,
            "availability_zone": "eu-central-1b",
            "availability_zone_id": "euc1-az3",
            "cidr_block": "10.0.2.0/24",
            "customer_owned_ipv4_pool": "",
            "enable_dns64": false,
            "enable_lni_at_device_index": 0,
            "enable_resource_name_dns_a_record_on_launch": false,
            "enable_resource_name_dns_aaaa_record_on_launch": false,
            "id": "subnet-0dfaf10244b9de6c0",
            "ipv6_cidr_block": "",
            "ipv6_cidr_block_association_id": "",
            "ipv6_native": false,
            "map_customer_owned_ip_on_launch": false,
            "map_public_ip_on_launch": true,
            "outpost_arn": "",
            "owner_id": "518036921225",
            "private_dns_hostname_type_on_launch": "ip-name",
            "region": "eu-central-1",
            "tags": {
              "Name": "lesson-7-vpc-public-subnet-2"
            },
            "tags_all": {
              "Name": "lesson-7-vpc-public-subnet-2"
            },
            "timeouts": null,
            "vpc_id": "vpc-02f711da09b1c7f47"
          },
          "sensitive_attributes": [],
          "identity_schema_version": 0,
          "private": "eyJlMmJmYjczMC1lY2FhLTExZTYtOGY4OC0zNDM2M2JjN2M0YzAiOnsiY3JlYXRlIjo2MDAwMDAwMDAwMDAsImRlbGV0ZSI6MTIwMDAwMDAwMDAwMH0sInNjaGVtYV92ZXJzaW9uIjoiMSJ9",
          "dependencies": [
            "module.vpc.aws_vpc.main"
          ]
        },
        {
          "index_key": 2,
          "schema_version": 1,
          "attributes": {
            "arn": "arn:aws:ec2:eu-central-1:518036921225:subnet/subnet-0039474f6c7a65b11",
            "assign_ipv6_address_on_creation": false,
            "availability_zone": "eu-central-1c",
            "availability_zone_id": "euc1-az1",
            "cidr_block": "10.0.3.0/24",
            "customer_owned_ipv4_pool": "",
            "enable_dns64": false,
            "enable_lni_at_device_index": 0,
            "enable_resource_name_dns_a_record_on_launch": false,
            "enable_resource_name_dns_aaaa_record_on_launch": false,
            "id": "subnet-0039474f6c7a65b11",
            "ipv6_cidr_block": "",
            "ipv6_cidr_block_association_id": "",
            "ipv6_native": false,
            "map_customer_owned_ip_on_launch": false,
            "map_public_ip_on_launch": true,
            "outpost_arn": "",
            "owner_id": "518036921225",
            "private_dns_hostname_type_on_launch": "ip-name",
            "region": "eu-central-1",
            "tags": {
              "Name": "lesson-7-vpc-public-subnet-3"
            },
            "tags_all": {
              "Name": "lesson-7-vpc-public-subnet-3"
            },
            "timeouts": null,
            "vpc_id": "vpc-02f711da09b1c7f47"
          },
          "sensitive_attributes": [],
          "identity_schema_version": 0,
          "private": "eyJlMmJmYjczMC1lY2FhLTExZTYtOGY4OC0zNDM2M2JjN2M0YzAiOnsiY3JlYXRlIjo2MDAwMDAwMDAwMDAsImRlbGV0ZSI6MTIwMDAwMDAwMDAwMH0sInNjaGVtYV92ZXJzaW9uIjoiMSJ9",
          "dependencies": [
            "module.vpc.aws_vpc.main"
          ]
        }
      ]
    },
    {
      "module": "module.vpc",
      "mode": "managed",
      "type": "aws_vpc",
      "name": "main",
      "provider": "provider[\"registry.terraform.io/hashicorp/aws\"]",
      "instances": [
        {
          "schema_version": 1,
          "attributes": {
            "arn": "arn:aws:ec2:eu-central-1:518036921225:vpc/vpc-02f711da09b1c7f47",
            "assign_generated_ipv6_cidr_block": false,
            "cidr_block": "10.0.0.0/16",
            "default_network_acl_id": "acl-0b9f415101489a2b7",
            "default_route_table_id": "rtb-0e051a321c2d5a114",
            "default_security_group_id": "sg-047fcb445d3de3567",
            "dhcp_options_id": "dopt-09df7485f0eca8641",
            "enable_dns_hostnames": true,
            "enable_dns_support": true,
            "enable_network_address_usage_metrics": false,
            "id": "vpc-02f711da09b1c7f47",
            "instance_tenancy": "default",
            "ipv4_ipam_pool_id": null,
            "ipv4_netmask_length": null,
            "ipv6_association_id": "",
            "ipv6_cidr_block": "",
            "ipv6_cidr_block_network_border_group": "",
            "ipv6_ipam_pool_id": "",
            "ipv6_netmask_length": 0,
            "main_route_table_id": "rtb-0e051a321c2d5a114",
            "owner_id": "518036921225",
            "region": "eu-central-1",
            "tags": {
              "Name": "lesson-7-vpc-vpc"
            },
            "tags_all": {
              "Name": "lesson-7-vpc-vpc"
            }
          },
          "sensitive_attributes": [],
          "identity_schema_version": 0,
          "private": "eyJzY2hlbWFfdmVyc2lvbiI6IjEifQ=="
        }
      ]
    }
  ],
  "check_results": null
}
